
Microsoft Visual Studio Solution File, Format Version 12.00
# Visual Studio Version 16
VisualStudioVersion = 25.0.1705.3
MinimumVisualStudioVersion = 10.0.40219.1
Project("{FAE04EC0-301F-11D3-BF4B-00C04F79EFBC}") = "WebBuyCar", "WebBuyCar.csproj", "{2B2D7663-46C3-41F1-9594-D93EF1FE1589}"
EndProject
Global
	GlobalSection(SolutionConfigurationPlatforms) = preSolution
		Debug|Any CPU = Debug|Any CPU
		Release|Any CPU = Release|Any CPU
	EndGlobalSection
	GlobalSection(ProjectConfigurationPlatforms) = postSolution
		{2B2D7663-46C3-41F1-9594-D93EF1FE1589}.Debug|Any CPU.ActiveCfg = Debug|Any CPU
		{2B2D7663-46C3-41F1-9594-D93EF1FE1589}.Debug|Any CPU.Build.0 = Debug|Any CPU
		{2B2D7663-46C3-41F1-9594-D93EF1FE1589}.Release|Any CPU.ActiveCfg = Release|Any CPU
		{2B2D7663-46C3-41F1-9594-D93EF1FE1589}.Release|Any CPU.Build.0 = Release|Any CPU
	EndGlobalSection
	GlobalSection(SolutionProperties) = preSolution
		HideSolutionNode = FALSE
	EndGlobalSection
	GlobalSection(ExtensibilityGlobals) = postSolution
		SolutionGuid = {029FB0D7-8B92-4C86-BD0E-36AB052F088F}
	EndGlobalSection
EndGlobal
