
Microsoft Visual Studio Solution File, Format Version 12.00
# Visual Studio Version 17
VisualStudioVersion = 17.4.33103.184
MinimumVisualStudioVersion = 10.0.40219.1
Project("{FAE04EC0-301F-11D3-BF4B-00C04F79EFBC}") = "Web1.WebForms", "Web1.WebForms.csproj", "{D29F7DB5-4F6A-4AC5-8D33-FA7F5BF7F10B}"
EndProject
Project("{9A19103F-16F7-4668-BE54-9A1E7A4F7556}") = "Web3.ADO.NET", "..\Web3.ADO.NET\Web3.ADO.NET.csproj", "{D6EA74F0-69AD-4F1D-A3BB-602179B7B3C7}"
EndProject
Project("{9A19103F-16F7-4668-BE54-9A1E7A4F7556}") = "Web3.EntityFramework", "..\Web3.EntityFramework\Web3.EntityFramework.csproj", "{7C1AB6D2-2055-48DE-ABFC-D0D9A874318A}"
EndProject
Project("{9A19103F-16F7-4668-BE54-9A1E7A4F7556}") = "Web4567.MVC", "..\Web345.MVC\Web4567.MVC.csproj", "{97080DD5-2DFF-4D68-8963-7EC4FAD8CDD9}"
EndProject
Project("{9A19103F-16F7-4668-BE54-9A1E7A4F7556}") = "Web7.MVC_ModelBinding", "..\Web7.MVC_ModelBinding\Web7.MVC_ModelBinding.csproj", "{68C51BDB-66A4-46E9-9310-8A1C40D7A7C7}"
EndProject
Project("{FAE04EC0-301F-11D3-BF4B-00C04F79EFBC}") = "Web8.OWINSample", "..\Web8.OWINSample\Web8.OWINSample.csproj", "{8FC4D95B-4D08-4699-92E9-AB66B1CAB708}"
EndProject
Project("{FAE04EC0-301F-11D3-BF4B-00C04F79EFBC}") = "Web3.EF.FirstCode", "..\Web3.EF.FirstCode\Web3.EF.FirstCode.csproj", "{A7EA7DB9-E10D-48BF-9282-766EE59C9B03}"
EndProject
Project("{FAE04EC0-301F-11D3-BF4B-00C04F79EFBC}") = "Web3.MVC_Example", "Web3.MVC_Example\Web3.MVC_Example.csproj", "{03BE099F-29FF-46F1-BD06-C9D5182079EF}"
EndProject
Project("{FAE04EC0-301F-11D3-BF4B-00C04F79EFBC}") = "Web3.ProductManager", "..\Web3.ProductManager\Web3.ProductManager.csproj", "{98A627BD-B6E0-443E-B0B2-6CB8D90DFF61}"
EndProject
Global
	GlobalSection(SolutionConfigurationPlatforms) = preSolution
		Debug|Any CPU = Debug|Any CPU
		Release|Any CPU = Release|Any CPU
	EndGlobalSection
	GlobalSection(ProjectConfigurationPlatforms) = postSolution
		{D29F7DB5-4F6A-4AC5-8D33-FA7F5BF7F10B}.Debug|Any CPU.ActiveCfg = Debug|Any CPU
		{D29F7DB5-4F6A-4AC5-8D33-FA7F5BF7F10B}.Debug|Any CPU.Build.0 = Debug|Any CPU
		{D29F7DB5-4F6A-4AC5-8D33-FA7F5BF7F10B}.Release|Any CPU.ActiveCfg = Release|Any CPU
		{D29F7DB5-4F6A-4AC5-8D33-FA7F5BF7F10B}.Release|Any CPU.Build.0 = Release|Any CPU
		{D6EA74F0-69AD-4F1D-A3BB-602179B7B3C7}.Debug|Any CPU.ActiveCfg = Debug|Any CPU
		{D6EA74F0-69AD-4F1D-A3BB-602179B7B3C7}.Debug|Any CPU.Build.0 = Debug|Any CPU
		{D6EA74F0-69AD-4F1D-A3BB-602179B7B3C7}.Release|Any CPU.ActiveCfg = Release|Any CPU
		{D6EA74F0-69AD-4F1D-A3BB-602179B7B3C7}.Release|Any CPU.Build.0 = Release|Any CPU
		{7C1AB6D2-2055-48DE-ABFC-D0D9A874318A}.Debug|Any CPU.ActiveCfg = Debug|Any CPU
		{7C1AB6D2-2055-48DE-ABFC-D0D9A874318A}.Debug|Any CPU.Build.0 = Debug|Any CPU
		{7C1AB6D2-2055-48DE-ABFC-D0D9A874318A}.Release|Any CPU.ActiveCfg = Release|Any CPU
		{7C1AB6D2-2055-48DE-ABFC-D0D9A874318A}.Release|Any CPU.Build.0 = Release|Any CPU
		{97080DD5-2DFF-4D68-8963-7EC4FAD8CDD9}.Debug|Any CPU.ActiveCfg = Debug|Any CPU
		{97080DD5-2DFF-4D68-8963-7EC4FAD8CDD9}.Debug|Any CPU.Build.0 = Debug|Any CPU
		{97080DD5-2DFF-4D68-8963-7EC4FAD8CDD9}.Release|Any CPU.ActiveCfg = Release|Any CPU
		{97080DD5-2DFF-4D68-8963-7EC4FAD8CDD9}.Release|Any CPU.Build.0 = Release|Any CPU
		{68C51BDB-66A4-46E9-9310-8A1C40D7A7C7}.Debug|Any CPU.ActiveCfg = Debug|Any CPU
		{68C51BDB-66A4-46E9-9310-8A1C40D7A7C7}.Debug|Any CPU.Build.0 = Debug|Any CPU
		{68C51BDB-66A4-46E9-9310-8A1C40D7A7C7}.Release|Any CPU.ActiveCfg = Release|Any CPU
		{68C51BDB-66A4-46E9-9310-8A1C40D7A7C7}.Release|Any CPU.Build.0 = Release|Any CPU
		{8FC4D95B-4D08-4699-92E9-AB66B1CAB708}.Debug|Any CPU.ActiveCfg = Debug|Any CPU
		{8FC4D95B-4D08-4699-92E9-AB66B1CAB708}.Debug|Any CPU.Build.0 = Debug|Any CPU
		{8FC4D95B-4D08-4699-92E9-AB66B1CAB708}.Release|Any CPU.ActiveCfg = Release|Any CPU
		{8FC4D95B-4D08-4699-92E9-AB66B1CAB708}.Release|Any CPU.Build.0 = Release|Any CPU
		{A7EA7DB9-E10D-48BF-9282-766EE59C9B03}.Debug|Any CPU.ActiveCfg = Debug|Any CPU
		{A7EA7DB9-E10D-48BF-9282-766EE59C9B03}.Debug|Any CPU.Build.0 = Debug|Any CPU
		{A7EA7DB9-E10D-48BF-9282-766EE59C9B03}.Release|Any CPU.ActiveCfg = Release|Any CPU
		{A7EA7DB9-E10D-48BF-9282-766EE59C9B03}.Release|Any CPU.Build.0 = Release|Any CPU
		{03BE099F-29FF-46F1-BD06-C9D5182079EF}.Debug|Any CPU.ActiveCfg = Debug|Any CPU
		{03BE099F-29FF-46F1-BD06-C9D5182079EF}.Debug|Any CPU.Build.0 = Debug|Any CPU
		{03BE099F-29FF-46F1-BD06-C9D5182079EF}.Release|Any CPU.ActiveCfg = Release|Any CPU
		{03BE099F-29FF-46F1-BD06-C9D5182079EF}.Release|Any CPU.Build.0 = Release|Any CPU
		{98A627BD-B6E0-443E-B0B2-6CB8D90DFF61}.Debug|Any CPU.ActiveCfg = Debug|Any CPU
		{98A627BD-B6E0-443E-B0B2-6CB8D90DFF61}.Debug|Any CPU.Build.0 = Debug|Any CPU
		{98A627BD-B6E0-443E-B0B2-6CB8D90DFF61}.Release|Any CPU.ActiveCfg = Release|Any CPU
		{98A627BD-B6E0-443E-B0B2-6CB8D90DFF61}.Release|Any CPU.Build.0 = Release|Any CPU
	EndGlobalSection
	GlobalSection(SolutionProperties) = preSolution
		HideSolutionNode = FALSE
	EndGlobalSection
	GlobalSection(ExtensibilityGlobals) = postSolution
		SolutionGuid = {BB7D8203-22DB-4C5E-A4F6-7B07D109D149}
	EndGlobalSection
EndGlobal
